
Microsoft Visual Studio Solution File, Format Version 12.00
# Visual Studio Version 17
VisualStudioVersion = 17.5.002.0
MinimumVisualStudioVersion = 10.0.40219.1
Project("{9A19103F-16F7-4668-BE54-9A1E7A4F7556}") = "test", "test.csproj", "{1123C92B-9F97-434B-8F62-3CEE4C1A377C}"
EndProject
Global
	GlobalSection(SolutionConfigurationPlatforms) = preSolution
		Debug|Any CPU = Debug|Any CPU
		Release|Any CPU = Release|Any CPU
	EndGlobalSection
	GlobalSection(ProjectConfigurationPlatforms) = postSolution
		{1123C92B-9F97-434B-8F62-3CEE4C1A377C}.Debug|Any CPU.ActiveCfg = Debug|Any CPU
		{1123C92B-9F97-434B-8F62-3CEE4C1A377C}.Debug|Any CPU.Build.0 = Debug|Any CPU
		{1123C92B-9F97-434B-8F62-3CEE4C1A377C}.Release|Any CPU.ActiveCfg = Release|Any CPU
		{1123C92B-9F97-434B-8F62-3CEE4C1A377C}.Release|Any CPU.Build.0 = Release|Any CPU
	EndGlobalSection
	GlobalSection(SolutionProperties) = preSolution
		HideSolutionNode = FALSE
	EndGlobalSection
	GlobalSection(ExtensibilityGlobals) = postSolution
		SolutionGuid = {D34932BE-8828-47B4-A1CF-4256EE1FB668}
	EndGlobalSection
EndGlobal
